
Microsoft Visual Studio Solution File, Format Version 12.00
# Visual Studio Version 17
VisualStudioVersion = 17.0.31903.59
MinimumVisualStudioVersion = 10.0.40219.1
Project("{FAE04EC0-301F-11D3-BF4B-00C04F79EFBC}") = "SmartHome.Domain", "src\SmartHome.Domain\SmartHome.Domain.csproj", "{9A4ABEF8-0CB4-4433-A049-DDDCA8D59D3E}"
EndProject
Project("{FAE04EC0-301F-11D3-BF4B-00C04F79EFBC}") = "SmartHome.ConsoleSim", "src\SmartHome.ConsoleSim\SmartHome.ConsoleSim.csproj", "{C21A3F99-42D6-495A-892F-3505E79841EB}"
EndProject
Project("{2150E333-8FDC-42A3-9474-1A3956D46DE8}") = "src", "src", "{827E0CD3-B72D-47B6-A68D-7590B98EB39B}"
EndProject
Project("{FAE04EC0-301F-11D3-BF4B-00C04F79EFBC}") = "SmartHome.Infrastructure", "src\SmartHome.Infrastructure\SmartHome.Infrastructure.csproj", "{541B0525-9782-4903-AC5E-CC9D339ABD94}"
EndProject
Project("{FAE04EC0-301F-11D3-BF4B-00C04F79EFBC}") = "SmartHome.Sensors.Api", "src\SmartHome.Sensors.Api\SmartHome.Sensors.Api.csproj", "{6FE00908-D09D-412A-874A-4F78936B742D}"
EndProject
Project("{FAE04EC0-301F-11D3-BF4B-00C04F79EFBC}") = "SmartHome.Application", "src\SmartHome.Application\SmartHome.Application.csproj", "{E3D920F1-ED27-4961-A7E0-800FA7777E5F}"
EndProject
Project("{FAE04EC0-301F-11D3-BF4B-00C04F79EFBC}") = "SmartHome.Actions.Domain", "src\SmartHome.Actions.Domain\SmartHome.Actions.Domain.csproj", "{665623C5-927A-469F-9991-FD10F0CE98C0}"
EndProject
Project("{FAE04EC0-301F-11D3-BF4B-00C04F79EFBC}") = "SmartHome.Actions.Infrastructure", "src\SmartHome.Actions.Infrastructure\SmartHome.Actions.Infrastructure.csproj", "{87A800FB-3DAE-41DD-BF52-A6AD39318B45}"
EndProject
Project("{FAE04EC0-301F-11D3-BF4B-00C04F79EFBC}") = "SmartHome.Actions.Application", "src\SmartHome.Actions.Application\SmartHome.Actions.Application.csproj", "{E4AC1A9D-C4AE-4E63-9577-3580D12C44FE}"
EndProject
Project("{FAE04EC0-301F-11D3-BF4B-00C04F79EFBC}") = "SmartHome.Actions.Api", "src\SmartHome.Actions.Api\SmartHome.Actions.Api.csproj", "{D23CAA97-D1FA-43A3-ABB8-A779EF67415F}"
EndProject
Project("{FAE04EC0-301F-11D3-BF4B-00C04F79EFBC}") = "SmartHome.Notify", "src\SmartHome.Notify\SmartHome.Notify.csproj", "{F944E4E3-E36A-4156-AF57-CECB96224945}"
EndProject
Project("{FAE04EC0-301F-11D3-BF4B-00C04F79EFBC}") = "SmartHome.McpGateway", "src\SmartHome.McpGateway\SmartHome.McpGateway.csproj", "{FAF714FD-61D6-4E39-81EE-1C6F538956E3}"
EndProject
Global
	GlobalSection(SolutionConfigurationPlatforms) = preSolution
		Debug|Any CPU = Debug|Any CPU
		Debug|x64 = Debug|x64
		Debug|x86 = Debug|x86
		Release|Any CPU = Release|Any CPU
		Release|x64 = Release|x64
		Release|x86 = Release|x86
	EndGlobalSection
	GlobalSection(ProjectConfigurationPlatforms) = postSolution
		{9A4ABEF8-0CB4-4433-A049-DDDCA8D59D3E}.Debug|Any CPU.ActiveCfg = Debug|Any CPU
		{9A4ABEF8-0CB4-4433-A049-DDDCA8D59D3E}.Debug|Any CPU.Build.0 = Debug|Any CPU
		{9A4ABEF8-0CB4-4433-A049-DDDCA8D59D3E}.Debug|x64.ActiveCfg = Debug|Any CPU
		{9A4ABEF8-0CB4-4433-A049-DDDCA8D59D3E}.Debug|x64.Build.0 = Debug|Any CPU
		{9A4ABEF8-0CB4-4433-A049-DDDCA8D59D3E}.Debug|x86.ActiveCfg = Debug|Any CPU
		{9A4ABEF8-0CB4-4433-A049-DDDCA8D59D3E}.Debug|x86.Build.0 = Debug|Any CPU
		{9A4ABEF8-0CB4-4433-A049-DDDCA8D59D3E}.Release|Any CPU.ActiveCfg = Release|Any CPU
		{9A4ABEF8-0CB4-4433-A049-DDDCA8D59D3E}.Release|Any CPU.Build.0 = Release|Any CPU
		{9A4ABEF8-0CB4-4433-A049-DDDCA8D59D3E}.Release|x64.ActiveCfg = Release|Any CPU
		{9A4ABEF8-0CB4-4433-A049-DDDCA8D59D3E}.Release|x64.Build.0 = Release|Any CPU
		{9A4ABEF8-0CB4-4433-A049-DDDCA8D59D3E}.Release|x86.ActiveCfg = Release|Any CPU
		{9A4ABEF8-0CB4-4433-A049-DDDCA8D59D3E}.Release|x86.Build.0 = Release|Any CPU
		{C21A3F99-42D6-495A-892F-3505E79841EB}.Debug|Any CPU.ActiveCfg = Debug|Any CPU
		{C21A3F99-42D6-495A-892F-3505E79841EB}.Debug|Any CPU.Build.0 = Debug|Any CPU
		{C21A3F99-42D6-495A-892F-3505E79841EB}.Debug|x64.ActiveCfg = Debug|Any CPU
		{C21A3F99-42D6-495A-892F-3505E79841EB}.Debug|x64.Build.0 = Debug|Any CPU
		{C21A3F99-42D6-495A-892F-3505E79841EB}.Debug|x86.ActiveCfg = Debug|Any CPU
		{C21A3F99-42D6-495A-892F-3505E79841EB}.Debug|x86.Build.0 = Debug|Any CPU
		{C21A3F99-42D6-495A-892F-3505E79841EB}.Release|Any CPU.ActiveCfg = Release|Any CPU
		{C21A3F99-42D6-495A-892F-3505E79841EB}.Release|Any CPU.Build.0 = Release|Any CPU
		{C21A3F99-42D6-495A-892F-3505E79841EB}.Release|x64.ActiveCfg = Release|Any CPU
		{C21A3F99-42D6-495A-892F-3505E79841EB}.Release|x64.Build.0 = Release|Any CPU
		{C21A3F99-42D6-495A-892F-3505E79841EB}.Release|x86.ActiveCfg = Release|Any CPU
		{C21A3F99-42D6-495A-892F-3505E79841EB}.Release|x86.Build.0 = Release|Any CPU
		{541B0525-9782-4903-AC5E-CC9D339ABD94}.Debug|Any CPU.ActiveCfg = Debug|Any CPU
		{541B0525-9782-4903-AC5E-CC9D339ABD94}.Debug|Any CPU.Build.0 = Debug|Any CPU
		{541B0525-9782-4903-AC5E-CC9D339ABD94}.Debug|x64.ActiveCfg = Debug|Any CPU
		{541B0525-9782-4903-AC5E-CC9D339ABD94}.Debug|x64.Build.0 = Debug|Any CPU
		{541B0525-9782-4903-AC5E-CC9D339ABD94}.Debug|x86.ActiveCfg = Debug|Any CPU
		{541B0525-9782-4903-AC5E-CC9D339ABD94}.Debug|x86.Build.0 = Debug|Any CPU
		{541B0525-9782-4903-AC5E-CC9D339ABD94}.Release|Any CPU.ActiveCfg = Release|Any CPU
		{541B0525-9782-4903-AC5E-CC9D339ABD94}.Release|Any CPU.Build.0 = Release|Any CPU
		{541B0525-9782-4903-AC5E-CC9D339ABD94}.Release|x64.ActiveCfg = Release|Any CPU
		{541B0525-9782-4903-AC5E-CC9D339ABD94}.Release|x64.Build.0 = Release|Any CPU
		{541B0525-9782-4903-AC5E-CC9D339ABD94}.Release|x86.ActiveCfg = Release|Any CPU
		{541B0525-9782-4903-AC5E-CC9D339ABD94}.Release|x86.Build.0 = Release|Any CPU
		{6FE00908-D09D-412A-874A-4F78936B742D}.Debug|Any CPU.ActiveCfg = Debug|Any CPU
		{6FE00908-D09D-412A-874A-4F78936B742D}.Debug|Any CPU.Build.0 = Debug|Any CPU
		{6FE00908-D09D-412A-874A-4F78936B742D}.Debug|x64.ActiveCfg = Debug|Any CPU
		{6FE00908-D09D-412A-874A-4F78936B742D}.Debug|x64.Build.0 = Debug|Any CPU
		{6FE00908-D09D-412A-874A-4F78936B742D}.Debug|x86.ActiveCfg = Debug|Any CPU
		{6FE00908-D09D-412A-874A-4F78936B742D}.Debug|x86.Build.0 = Debug|Any CPU
		{6FE00908-D09D-412A-874A-4F78936B742D}.Release|Any CPU.ActiveCfg = Release|Any CPU
		{6FE00908-D09D-412A-874A-4F78936B742D}.Release|Any CPU.Build.0 = Release|Any CPU
		{6FE00908-D09D-412A-874A-4F78936B742D}.Release|x64.ActiveCfg = Release|Any CPU
		{6FE00908-D09D-412A-874A-4F78936B742D}.Release|x64.Build.0 = Release|Any CPU
		{6FE00908-D09D-412A-874A-4F78936B742D}.Release|x86.ActiveCfg = Release|Any CPU
		{6FE00908-D09D-412A-874A-4F78936B742D}.Release|x86.Build.0 = Release|Any CPU
		{E3D920F1-ED27-4961-A7E0-800FA7777E5F}.Debug|Any CPU.ActiveCfg = Debug|Any CPU
		{E3D920F1-ED27-4961-A7E0-800FA7777E5F}.Debug|Any CPU.Build.0 = Debug|Any CPU
		{E3D920F1-ED27-4961-A7E0-800FA7777E5F}.Debug|x64.ActiveCfg = Debug|Any CPU
		{E3D920F1-ED27-4961-A7E0-800FA7777E5F}.Debug|x64.Build.0 = Debug|Any CPU
		{E3D920F1-ED27-4961-A7E0-800FA7777E5F}.Debug|x86.ActiveCfg = Debug|Any CPU
		{E3D920F1-ED27-4961-A7E0-800FA7777E5F}.Debug|x86.Build.0 = Debug|Any CPU
		{E3D920F1-ED27-4961-A7E0-800FA7777E5F}.Release|Any CPU.ActiveCfg = Release|Any CPU
		{E3D920F1-ED27-4961-A7E0-800FA7777E5F}.Release|Any CPU.Build.0 = Release|Any CPU
		{E3D920F1-ED27-4961-A7E0-800FA7777E5F}.Release|x64.ActiveCfg = Release|Any CPU
		{E3D920F1-ED27-4961-A7E0-800FA7777E5F}.Release|x64.Build.0 = Release|Any CPU
		{E3D920F1-ED27-4961-A7E0-800FA7777E5F}.Release|x86.ActiveCfg = Release|Any CPU
		{E3D920F1-ED27-4961-A7E0-800FA7777E5F}.Release|x86.Build.0 = Release|Any CPU
		{665623C5-927A-469F-9991-FD10F0CE98C0}.Debug|Any CPU.ActiveCfg = Debug|Any CPU
		{665623C5-927A-469F-9991-FD10F0CE98C0}.Debug|Any CPU.Build.0 = Debug|Any CPU
		{665623C5-927A-469F-9991-FD10F0CE98C0}.Debug|x64.ActiveCfg = Debug|Any CPU
		{665623C5-927A-469F-9991-FD10F0CE98C0}.Debug|x64.Build.0 = Debug|Any CPU
		{665623C5-927A-469F-9991-FD10F0CE98C0}.Debug|x86.ActiveCfg = Debug|Any CPU
		{665623C5-927A-469F-9991-FD10F0CE98C0}.Debug|x86.Build.0 = Debug|Any CPU
		{665623C5-927A-469F-9991-FD10F0CE98C0}.Release|Any CPU.ActiveCfg = Release|Any CPU
		{665623C5-927A-469F-9991-FD10F0CE98C0}.Release|Any CPU.Build.0 = Release|Any CPU
		{665623C5-927A-469F-9991-FD10F0CE98C0}.Release|x64.ActiveCfg = Release|Any CPU
		{665623C5-927A-469F-9991-FD10F0CE98C0}.Release|x64.Build.0 = Release|Any CPU
		{665623C5-927A-469F-9991-FD10F0CE98C0}.Release|x86.ActiveCfg = Release|Any CPU
		{665623C5-927A-469F-9991-FD10F0CE98C0}.Release|x86.Build.0 = Release|Any CPU
		{87A800FB-3DAE-41DD-BF52-A6AD39318B45}.Debug|Any CPU.ActiveCfg = Debug|Any CPU
		{87A800FB-3DAE-41DD-BF52-A6AD39318B45}.Debug|Any CPU.Build.0 = Debug|Any CPU
		{87A800FB-3DAE-41DD-BF52-A6AD39318B45}.Debug|x64.ActiveCfg = Debug|Any CPU
		{87A800FB-3DAE-41DD-BF52-A6AD39318B45}.Debug|x64.Build.0 = Debug|Any CPU
		{87A800FB-3DAE-41DD-BF52-A6AD39318B45}.Debug|x86.ActiveCfg = Debug|Any CPU
		{87A800FB-3DAE-41DD-BF52-A6AD39318B45}.Debug|x86.Build.0 = Debug|Any CPU
		{87A800FB-3DAE-41DD-BF52-A6AD39318B45}.Release|Any CPU.ActiveCfg = Release|Any CPU
		{87A800FB-3DAE-41DD-BF52-A6AD39318B45}.Release|Any CPU.Build.0 = Release|Any CPU
		{87A800FB-3DAE-41DD-BF52-A6AD39318B45}.Release|x64.ActiveCfg = Release|Any CPU
		{87A800FB-3DAE-41DD-BF52-A6AD39318B45}.Release|x64.Build.0 = Release|Any CPU
		{87A800FB-3DAE-41DD-BF52-A6AD39318B45}.Release|x86.ActiveCfg = Release|Any CPU
		{87A800FB-3DAE-41DD-BF52-A6AD39318B45}.Release|x86.Build.0 = Release|Any CPU
		{E4AC1A9D-C4AE-4E63-9577-3580D12C44FE}.Debug|Any CPU.ActiveCfg = Debug|Any CPU
		{E4AC1A9D-C4AE-4E63-9577-3580D12C44FE}.Debug|Any CPU.Build.0 = Debug|Any CPU
		{E4AC1A9D-C4AE-4E63-9577-3580D12C44FE}.Debug|x64.ActiveCfg = Debug|Any CPU
		{E4AC1A9D-C4AE-4E63-9577-3580D12C44FE}.Debug|x64.Build.0 = Debug|Any CPU
		{E4AC1A9D-C4AE-4E63-9577-3580D12C44FE}.Debug|x86.ActiveCfg = Debug|Any CPU
		{E4AC1A9D-C4AE-4E63-9577-3580D12C44FE}.Debug|x86.Build.0 = Debug|Any CPU
		{E4AC1A9D-C4AE-4E63-9577-3580D12C44FE}.Release|Any CPU.ActiveCfg = Release|Any CPU
		{E4AC1A9D-C4AE-4E63-9577-3580D12C44FE}.Release|Any CPU.Build.0 = Release|Any CPU
		{E4AC1A9D-C4AE-4E63-9577-3580D12C44FE}.Release|x64.ActiveCfg = Release|Any CPU
		{E4AC1A9D-C4AE-4E63-9577-3580D12C44FE}.Release|x64.Build.0 = Release|Any CPU
		{E4AC1A9D-C4AE-4E63-9577-3580D12C44FE}.Release|x86.ActiveCfg = Release|Any CPU
		{E4AC1A9D-C4AE-4E63-9577-3580D12C44FE}.Release|x86.Build.0 = Release|Any CPU
		{D23CAA97-D1FA-43A3-ABB8-A779EF67415F}.Debug|Any CPU.ActiveCfg = Debug|Any CPU
		{D23CAA97-D1FA-43A3-ABB8-A779EF67415F}.Debug|Any CPU.Build.0 = Debug|Any CPU
		{D23CAA97-D1FA-43A3-ABB8-A779EF67415F}.Debug|x64.ActiveCfg = Debug|Any CPU
		{D23CAA97-D1FA-43A3-ABB8-A779EF67415F}.Debug|x64.Build.0 = Debug|Any CPU
		{D23CAA97-D1FA-43A3-ABB8-A779EF67415F}.Debug|x86.ActiveCfg = Debug|Any CPU
		{D23CAA97-D1FA-43A3-ABB8-A779EF67415F}.Debug|x86.Build.0 = Debug|Any CPU
		{D23CAA97-D1FA-43A3-ABB8-A779EF67415F}.Release|Any CPU.ActiveCfg = Release|Any CPU
		{D23CAA97-D1FA-43A3-ABB8-A779EF67415F}.Release|Any CPU.Build.0 = Release|Any CPU
		{D23CAA97-D1FA-43A3-ABB8-A779EF67415F}.Release|x64.ActiveCfg = Release|Any CPU
		{D23CAA97-D1FA-43A3-ABB8-A779EF67415F}.Release|x64.Build.0 = Release|Any CPU
		{D23CAA97-D1FA-43A3-ABB8-A779EF67415F}.Release|x86.ActiveCfg = Release|Any CPU
		{D23CAA97-D1FA-43A3-ABB8-A779EF67415F}.Release|x86.Build.0 = Release|Any CPU
		{F944E4E3-E36A-4156-AF57-CECB96224945}.Debug|Any CPU.ActiveCfg = Debug|Any CPU
		{F944E4E3-E36A-4156-AF57-CECB96224945}.Debug|Any CPU.Build.0 = Debug|Any CPU
		{F944E4E3-E36A-4156-AF57-CECB96224945}.Debug|x64.ActiveCfg = Debug|Any CPU
		{F944E4E3-E36A-4156-AF57-CECB96224945}.Debug|x64.Build.0 = Debug|Any CPU
		{F944E4E3-E36A-4156-AF57-CECB96224945}.Debug|x86.ActiveCfg = Debug|Any CPU
		{F944E4E3-E36A-4156-AF57-CECB96224945}.Debug|x86.Build.0 = Debug|Any CPU
		{F944E4E3-E36A-4156-AF57-CECB96224945}.Release|Any CPU.ActiveCfg = Release|Any CPU
		{F944E4E3-E36A-4156-AF57-CECB96224945}.Release|Any CPU.Build.0 = Release|Any CPU
		{F944E4E3-E36A-4156-AF57-CECB96224945}.Release|x64.ActiveCfg = Release|Any CPU
		{F944E4E3-E36A-4156-AF57-CECB96224945}.Release|x64.Build.0 = Release|Any CPU
		{F944E4E3-E36A-4156-AF57-CECB96224945}.Release|x86.ActiveCfg = Release|Any CPU
		{F944E4E3-E36A-4156-AF57-CECB96224945}.Release|x86.Build.0 = Release|Any CPU
		{FAF714FD-61D6-4E39-81EE-1C6F538956E3}.Debug|Any CPU.ActiveCfg = Debug|Any CPU
		{FAF714FD-61D6-4E39-81EE-1C6F538956E3}.Debug|Any CPU.Build.0 = Debug|Any CPU
		{FAF714FD-61D6-4E39-81EE-1C6F538956E3}.Debug|x64.ActiveCfg = Debug|Any CPU
		{FAF714FD-61D6-4E39-81EE-1C6F538956E3}.Debug|x64.Build.0 = Debug|Any CPU
		{FAF714FD-61D6-4E39-81EE-1C6F538956E3}.Debug|x86.ActiveCfg = Debug|Any CPU
		{FAF714FD-61D6-4E39-81EE-1C6F538956E3}.Debug|x86.Build.0 = Debug|Any CPU
		{FAF714FD-61D6-4E39-81EE-1C6F538956E3}.Release|Any CPU.ActiveCfg = Release|Any CPU
		{FAF714FD-61D6-4E39-81EE-1C6F538956E3}.Release|Any CPU.Build.0 = Release|Any CPU
		{FAF714FD-61D6-4E39-81EE-1C6F538956E3}.Release|x64.ActiveCfg = Release|Any CPU
		{FAF714FD-61D6-4E39-81EE-1C6F538956E3}.Release|x64.Build.0 = Release|Any CPU
		{FAF714FD-61D6-4E39-81EE-1C6F538956E3}.Release|x86.ActiveCfg = Release|Any CPU
		{FAF714FD-61D6-4E39-81EE-1C6F538956E3}.Release|x86.Build.0 = Release|Any CPU
	EndGlobalSection
	GlobalSection(SolutionProperties) = preSolution
		HideSolutionNode = FALSE
	EndGlobalSection
	GlobalSection(NestedProjects) = preSolution
		{541B0525-9782-4903-AC5E-CC9D339ABD94} = {827E0CD3-B72D-47B6-A68D-7590B98EB39B}
		{6FE00908-D09D-412A-874A-4F78936B742D} = {827E0CD3-B72D-47B6-A68D-7590B98EB39B}
		{E3D920F1-ED27-4961-A7E0-800FA7777E5F} = {827E0CD3-B72D-47B6-A68D-7590B98EB39B}
		{665623C5-927A-469F-9991-FD10F0CE98C0} = {827E0CD3-B72D-47B6-A68D-7590B98EB39B}
		{87A800FB-3DAE-41DD-BF52-A6AD39318B45} = {827E0CD3-B72D-47B6-A68D-7590B98EB39B}
		{E4AC1A9D-C4AE-4E63-9577-3580D12C44FE} = {827E0CD3-B72D-47B6-A68D-7590B98EB39B}
		{D23CAA97-D1FA-43A3-ABB8-A779EF67415F} = {827E0CD3-B72D-47B6-A68D-7590B98EB39B}
		{F944E4E3-E36A-4156-AF57-CECB96224945} = {827E0CD3-B72D-47B6-A68D-7590B98EB39B}
		{FAF714FD-61D6-4E39-81EE-1C6F538956E3} = {827E0CD3-B72D-47B6-A68D-7590B98EB39B}
	EndGlobalSection
EndGlobal
